%{"base58check": {:git, "https://github.com/lukaszsamson/base58check.git", "e934f450be94ea38c61b4ca2df6a31cc9988edb1", []},
  "bunt": {:hex, :bunt, "0.2.0", "951c6e801e8b1d2cbe58ebbd3e616a869061ddadcc4863d0a2182541acae9a38", [], [], "hexpm"},
  "credo": {:hex, :credo, "0.8.5", "3002d41c8a9452bd69cb1c217a6e17bf6fd9d8549932fe9f99a51646587c2a65", [], [{:bunt, "~> 0.2.0", [hex: :bunt, repo: "hexpm", optional: false]}], "hexpm"},
  "uuid": {:hex, :uuid, "1.1.7", "007afd58273bc0bc7f849c3bdc763e2f8124e83b957e515368c498b641f7ab69", [:mix], [], "hexpm"}}
